
Microsoft Visual Studio Solution File, Format Version 12.00
# Visual Studio Version 17
VisualStudioVersion = 17.4.33110.190
MinimumVisualStudioVersion = 10.0.40219.1
Project("{FAE04EC0-301F-11D3-BF4B-00C04F79EFBC}") = "ElectricityMetering.WPF", "ElectricityMetering.WPF\ElectricityMetering.WPF.csproj", "{8530B57E-4D85-4767-B424-9F9C358C98A4}"
EndProject
Project("{FAE04EC0-301F-11D3-BF4B-00C04F79EFBC}") = "ElectricityMetering.BL", "ElectricityMetering.BL\ElectricityMetering.BL.csproj", "{D98CAED8-048B-44D4-9646-6FBF60DD86BD}"
EndProject
Global
	GlobalSection(SolutionConfigurationPlatforms) = preSolution
		Debug|Any CPU = Debug|Any CPU
		Release|Any CPU = Release|Any CPU
	EndGlobalSection
	GlobalSection(ProjectConfigurationPlatforms) = postSolution
		{8530B57E-4D85-4767-B424-9F9C358C98A4}.Debug|Any CPU.ActiveCfg = Debug|Any CPU
		{8530B57E-4D85-4767-B424-9F9C358C98A4}.Debug|Any CPU.Build.0 = Debug|Any CPU
		{8530B57E-4D85-4767-B424-9F9C358C98A4}.Release|Any CPU.ActiveCfg = Release|Any CPU
		{8530B57E-4D85-4767-B424-9F9C358C98A4}.Release|Any CPU.Build.0 = Release|Any CPU
		{D98CAED8-048B-44D4-9646-6FBF60DD86BD}.Debug|Any CPU.ActiveCfg = Debug|Any CPU
		{D98CAED8-048B-44D4-9646-6FBF60DD86BD}.Debug|Any CPU.Build.0 = Debug|Any CPU
		{D98CAED8-048B-44D4-9646-6FBF60DD86BD}.Release|Any CPU.ActiveCfg = Release|Any CPU
		{D98CAED8-048B-44D4-9646-6FBF60DD86BD}.Release|Any CPU.Build.0 = Release|Any CPU
	EndGlobalSection
	GlobalSection(SolutionProperties) = preSolution
		HideSolutionNode = FALSE
	EndGlobalSection
	GlobalSection(ExtensibilityGlobals) = postSolution
		SolutionGuid = {791D72DE-8AF2-445E-8D02-065EC361CBDD}
	EndGlobalSection
EndGlobal
